
Microsoft Visual Studio Solution File, Format Version 12.00
# Visual Studio Version 16
VisualStudioVersion = 16.0.29911.84
MinimumVisualStudioVersion = 10.0.40219.1
Project("{FAE04EC0-301F-11D3-BF4B-00C04F79EFBC}") = "Testing Dotnet Application Development", "Testing Dotnet Application Development.csproj", "{5AC70501-0748-4509-A4DC-3748968265C2}"
EndProject
Global
	GlobalSection(SolutionConfigurationPlatforms) = preSolution
		Debug|Any CPU = Debug|Any CPU
		Release|Any CPU = Release|Any CPU
	EndGlobalSection
	GlobalSection(ProjectConfigurationPlatforms) = postSolution
		{5AC70501-0748-4509-A4DC-3748968265C2}.Debug|Any CPU.ActiveCfg = Debug|Any CPU
		{5AC70501-0748-4509-A4DC-3748968265C2}.Debug|Any CPU.Build.0 = Debug|Any CPU
		{5AC70501-0748-4509-A4DC-3748968265C2}.Release|Any CPU.ActiveCfg = Release|Any CPU
		{5AC70501-0748-4509-A4DC-3748968265C2}.Release|Any CPU.Build.0 = Release|Any CPU
	EndGlobalSection
	GlobalSection(SolutionProperties) = preSolution
		HideSolutionNode = FALSE
	EndGlobalSection
	GlobalSection(ExtensibilityGlobals) = postSolution
		SolutionGuid = {60440B76-FC47-4284-96D1-45066C819D25}
	EndGlobalSection
EndGlobal
